
Microsoft Visual Studio Solution File, Format Version 12.00
# Visual Studio 15
VisualStudioVersion = 15.0.28307.1145
MinimumVisualStudioVersion = 10.0.40219.1
Project("{FAE04EC0-301F-11D3-BF4B-00C04F79EFBC}") = "DGDataModel", "DGDataModel\DGDataModel.csproj", "{44230B3F-5AB0-4078-9702-F45377BC026B}"
EndProject
Project("{FAE04EC0-301F-11D3-BF4B-00C04F79EFBC}") = "DGDataModelSampleModel.Test", "DGDataModelSampleModel.Test\DGDataModelSampleModel.Test.csproj", "{6678DC7C-9F41-43F5-AC62-BD88C3E9777F}"
EndProject
Project("{FAE04EC0-301F-11D3-BF4B-00C04F79EFBC}") = "DGDataModelSampleModel", "DGDataModelSampleModel\DGDataModelSampleModel.csproj", "{03068CBA-40E9-43B6-A734-BCD6F80D5D61}"
EndProject
Global
	GlobalSection(SolutionConfigurationPlatforms) = preSolution
		Debug|Any CPU = Debug|Any CPU
		Release|Any CPU = Release|Any CPU
	EndGlobalSection
	GlobalSection(ProjectConfigurationPlatforms) = postSolution
		{44230B3F-5AB0-4078-9702-F45377BC026B}.Debug|Any CPU.ActiveCfg = Debug|Any CPU
		{44230B3F-5AB0-4078-9702-F45377BC026B}.Debug|Any CPU.Build.0 = Debug|Any CPU
		{44230B3F-5AB0-4078-9702-F45377BC026B}.Release|Any CPU.ActiveCfg = Release|Any CPU
		{44230B3F-5AB0-4078-9702-F45377BC026B}.Release|Any CPU.Build.0 = Release|Any CPU
		{6678DC7C-9F41-43F5-AC62-BD88C3E9777F}.Debug|Any CPU.ActiveCfg = Debug|Any CPU
		{6678DC7C-9F41-43F5-AC62-BD88C3E9777F}.Debug|Any CPU.Build.0 = Debug|Any CPU
		{6678DC7C-9F41-43F5-AC62-BD88C3E9777F}.Release|Any CPU.ActiveCfg = Release|Any CPU
		{6678DC7C-9F41-43F5-AC62-BD88C3E9777F}.Release|Any CPU.Build.0 = Release|Any CPU
		{03068CBA-40E9-43B6-A734-BCD6F80D5D61}.Debug|Any CPU.ActiveCfg = Debug|Any CPU
		{03068CBA-40E9-43B6-A734-BCD6F80D5D61}.Debug|Any CPU.Build.0 = Debug|Any CPU
		{03068CBA-40E9-43B6-A734-BCD6F80D5D61}.Release|Any CPU.ActiveCfg = Release|Any CPU
		{03068CBA-40E9-43B6-A734-BCD6F80D5D61}.Release|Any CPU.Build.0 = Release|Any CPU
	EndGlobalSection
	GlobalSection(SolutionProperties) = preSolution
		HideSolutionNode = FALSE
	EndGlobalSection
	GlobalSection(ExtensibilityGlobals) = postSolution
		SolutionGuid = {82387BE1-B3FC-436C-9BEF-90930E0F3B20}
	EndGlobalSection
EndGlobal
